// !$*UTF8*$!
{
	archiveVersion = 1;
	classes = {
	};
	objectVersion = 46;
	objects = {

/* Begin PBXBuildFile section */
		328243711A9D207B002B40C9 /* Main.storyboard in Resources */ = {isa = PBXBuildFile; fileRef = 328243701A9D207B002B40C9 /* Main.storyboard */; };
		328243741A9D21F4002B40C9 /* ImageViewController.m in Sources */ = {isa = PBXBuildFile; fileRef = 328243731A9D21F4002B40C9 /* ImageViewController.m */; };
		328243761A9D2239002B40C9 /* awesomeTest.png in Resources */ = {isa = PBXBuildFile; fileRef = 328243751A9D2239002B40C9 /* awesomeTest.png */; };
		3282437D1A9D5461002B40C9 /* MainViewServiceController.m in Sources */ = {isa = PBXBuildFile; fileRef = 3282437C1A9D5461002B40C9 /* MainViewServiceController.m */; };
		C033BF3F1A9E78220001F0DF /* photos.json in Resources */ = {isa = PBXBuildFile; fileRef = C033BF3E1A9E78220001F0DF /* photos.json */; };
		C033BF411A9E78280001F0DF /* votes.json in Resources */ = {isa = PBXBuildFile; fileRef = C033BF401A9E78280001F0DF /* votes.json */; };
		C033BF431A9E78D20001F0DF /* VoteActions.swift in Sources */ = {isa = PBXBuildFile; fileRef = C033BF421A9E78D20001F0DF /* VoteActions.swift */; };
		C0D390D61A9D2468000075B6 /* TableViewController.swift in Sources */ = {isa = PBXBuildFile; fileRef = C0D390D51A9D2468000075B6 /* TableViewController.swift */; };
		C0D390DA1A9D24A2000075B6 /* StatsTableViewCell.swift in Sources */ = {isa = PBXBuildFile; fileRef = C0D390D91A9D24A2000075B6 /* StatsTableViewCell.swift */; };
		C0D390E01A9D48C3000075B6 /* Photos.swift in Sources */ = {isa = PBXBuildFile; fileRef = C0D390DF1A9D48C3000075B6 /* Photos.swift */; };
		EC37609D1A9D1C71001324DC /* main.m in Sources */ = {isa = PBXBuildFile; fileRef = EC37609C1A9D1C71001324DC /* main.m */; };
		EC3760A01A9D1C71001324DC /* AppDelegate.m in Sources */ = {isa = PBXBuildFile; fileRef = EC37609F1A9D1C71001324DC /* AppDelegate.m */; };
		EC3760A31A9D1C71001324DC /* Z00ty.xcdatamodeld in Sources */ = {isa = PBXBuildFile; fileRef = EC3760A11A9D1C71001324DC /* Z00ty.xcdatamodeld */; };
		EC3760A61A9D1C71001324DC /* ViewController.m in Sources */ = {isa = PBXBuildFile; fileRef = EC3760A51A9D1C71001324DC /* ViewController.m */; };
		EC3760AB1A9D1C71001324DC /* Images.xcassets in Resources */ = {isa = PBXBuildFile; fileRef = EC3760AA1A9D1C71001324DC /* Images.xcassets */; };
		EC3760AE1A9D1C71001324DC /* LaunchScreen.xib in Resources */ = {isa = PBXBuildFile; fileRef = EC3760AC1A9D1C71001324DC /* LaunchScreen.xib */; };
		EC3760BA1A9D1C71001324DC /* Z00tyTests.m in Sources */ = {isa = PBXBuildFile; fileRef = EC3760B91A9D1C71001324DC /* Z00tyTests.m */; };
		EC3760C91A9D229D001324DC /* CameraViewController.m in Sources */ = {isa = PBXBuildFile; fileRef = EC3760C81A9D229D001324DC /* CameraViewController.m */; };
		EC3760CC1A9D22A8001324DC /* ImageService.m in Sources */ = {isa = PBXBuildFile; fileRef = EC3760CB1A9D22A8001324DC /* ImageService.m */; };
		EC3760CF1A9D2E34001324DC /* NetworkService.m in Sources */ = {isa = PBXBuildFile; fileRef = EC3760CE1A9D2E34001324DC /* NetworkService.m */; };
/* End PBXBuildFile section */

/* Begin PBXContainerItemProxy section */
		EC3760B41A9D1C71001324DC /* PBXContainerItemProxy */ = {
			isa = PBXContainerItemProxy;
			containerPortal = EC37608F1A9D1C71001324DC /* Project object */;
			proxyType = 1;
			remoteGlobalIDString = EC3760961A9D1C71001324DC;
			remoteInfo = Z00ty;
		};
/* End PBXContainerItemProxy section */

/* Begin PBXFileReference section */
		328243701A9D207B002B40C9 /* Main.storyboard */ = {isa = PBXFileReference; fileEncoding = 4; lastKnownFileType = file.storyboard; path = Main.storyboard; sourceTree = "<group>"; };
		328243721A9D21F4002B40C9 /* ImageViewController.h */ = {isa = PBXFileReference; fileEncoding = 4; lastKnownFileType = sourcecode.c.h; path = ImageViewController.h; sourceTree = "<group>"; };
		328243731A9D21F4002B40C9 /* ImageViewController.m */ = {isa = PBXFileReference; fileEncoding = 4; lastKnownFileType = sourcecode.c.objc; path = ImageViewController.m; sourceTree = "<group>"; };
		328243751A9D2239002B40C9 /* awesomeTest.png */ = {isa = PBXFileReference; lastKnownFileType = image.png; path = awesomeTest.png; sourceTree = "<group>"; };
		3282437B1A9D5461002B40C9 /* MainViewServiceController.h */ = {isa = PBXFileReference; fileEncoding = 4; lastKnownFileType = sourcecode.c.h; path = MainViewServiceController.h; sourceTree = "<group>"; };
		3282437C1A9D5461002B40C9 /* MainViewServiceController.m */ = {isa = PBXFileReference; fileEncoding = 4; lastKnownFileType = sourcecode.c.objc; path = MainViewServiceController.m; sourceTree = "<group>"; };
		C033BF3E1A9E78220001F0DF /* photos.json */ = {isa = PBXFileReference; fileEncoding = 4; lastKnownFileType = text.json; path = photos.json; sourceTree = "<group>"; };
		C033BF401A9E78280001F0DF /* votes.json */ = {isa = PBXFileReference; fileEncoding = 4; lastKnownFileType = text.json; path = votes.json; sourceTree = "<group>"; };
		C033BF421A9E78D20001F0DF /* VoteActions.swift */ = {isa = PBXFileReference; fileEncoding = 4; lastKnownFileType = sourcecode.swift; path = VoteActions.swift; sourceTree = "<group>"; };
		C0D390D41A9D2468000075B6 /* Z00ty-Bridging-Header.h */ = {isa = PBXFileReference; lastKnownFileType = sourcecode.c.h; path = "Z00ty-Bridging-Header.h"; sourceTree = "<group>"; };
		C0D390D51A9D2468000075B6 /* TableViewController.swift */ = {isa = PBXFileReference; fileEncoding = 4; lastKnownFileType = sourcecode.swift; path = TableViewController.swift; sourceTree = "<group>"; };
		C0D390D91A9D24A2000075B6 /* StatsTableViewCell.swift */ = {isa = PBXFileReference; fileEncoding = 4; lastKnownFileType = sourcecode.swift; path = StatsTableViewCell.swift; sourceTree = "<group>"; };
		C0D390DF1A9D48C3000075B6 /* Photos.swift */ = {isa = PBXFileReference; fileEncoding = 4; lastKnownFileType = sourcecode.swift; path = Photos.swift; sourceTree = "<group>"; };
		EC3760971A9D1C71001324DC /* Z00ty.app */ = {isa = PBXFileReference; explicitFileType = wrapper.application; includeInIndex = 0; path = Z00ty.app; sourceTree = BUILT_PRODUCTS_DIR; };
		EC37609B1A9D1C71001324DC /* Info.plist */ = {isa = PBXFileReference; lastKnownFileType = text.plist.xml; path = Info.plist; sourceTree = "<group>"; };
		EC37609C1A9D1C71001324DC /* main.m */ = {isa = PBXFileReference; lastKnownFileType = sourcecode.c.objc; path = main.m; sourceTree = "<group>"; };
		EC37609E1A9D1C71001324DC /* AppDelegate.h */ = {isa = PBXFileReference; lastKnownFileType = sourcecode.c.h; path = AppDelegate.h; sourceTree = "<group>"; };
		EC37609F1A9D1C71001324DC /* AppDelegate.m */ = {isa = PBXFileReference; lastKnownFileType = sourcecode.c.objc; path = AppDelegate.m; sourceTree = "<group>"; };
		EC3760A21A9D1C71001324DC /* Z00ty.xcdatamodel */ = {isa = PBXFileReference; lastKnownFileType = wrapper.xcdatamodel; path = Z00ty.xcdatamodel; sourceTree = "<group>"; };
		EC3760A41A9D1C71001324DC /* ViewController.h */ = {isa = PBXFileReference; lastKnownFileType = sourcecode.c.h; path = ViewController.h; sourceTree = "<group>"; };
		EC3760A51A9D1C71001324DC /* ViewController.m */ = {isa = PBXFileReference; lastKnownFileType = sourcecode.c.objc; path = ViewController.m; sourceTree = "<group>"; };
		EC3760AA1A9D1C71001324DC /* Images.xcassets */ = {isa = PBXFileReference; lastKnownFileType = folder.assetcatalog; path = Images.xcassets; sourceTree = "<group>"; };
		EC3760AD1A9D1C71001324DC /* Base */ = {isa = PBXFileReference; lastKnownFileType = file.xib; name = Base; path = Base.lproj/LaunchScreen.xib; sourceTree = "<group>"; };
		EC3760B31A9D1C71001324DC /* Z00tyTests.xctest */ = {isa = PBXFileReference; explicitFileType = wrapper.cfbundle; includeInIndex = 0; path = Z00tyTests.xctest; sourceTree = BUILT_PRODUCTS_DIR; };
		EC3760B81A9D1C71001324DC /* Info.plist */ = {isa = PBXFileReference; lastKnownFileType = text.plist.xml; path = Info.plist; sourceTree = "<group>"; };
		EC3760B91A9D1C71001324DC /* Z00tyTests.m */ = {isa = PBXFileReference; lastKnownFileType = sourcecode.c.objc; path = Z00tyTests.m; sourceTree = "<group>"; };
		EC3760C71A9D229D001324DC /* CameraViewController.h */ = {isa = PBXFileReference; fileEncoding = 4; lastKnownFileType = sourcecode.c.h; path = CameraViewController.h; sourceTree = "<group>"; };
		EC3760C81A9D229D001324DC /* CameraViewController.m */ = {isa = PBXFileReference; fileEncoding = 4; lastKnownFileType = sourcecode.c.objc; path = CameraViewController.m; sourceTree = "<group>"; };
		EC3760CA1A9D22A8001324DC /* ImageService.h */ = {isa = PBXFileReference; fileEncoding = 4; lastKnownFileType = sourcecode.c.h; path = ImageService.h; sourceTree = "<group>"; };
		EC3760CB1A9D22A8001324DC /* ImageService.m */ = {isa = PBXFileReference; fileEncoding = 4; lastKnownFileType = sourcecode.c.objc; path = ImageService.m; sourceTree = "<group>"; };
		EC3760CD1A9D2E34001324DC /* NetworkService.h */ = {isa = PBXFileReference; fileEncoding = 4; lastKnownFileType = sourcecode.c.h; path = NetworkService.h; sourceTree = "<group>"; };
		EC3760CE1A9D2E34001324DC /* NetworkService.m */ = {isa = PBXFileReference; fileEncoding = 4; lastKnownFileType = sourcecode.c.objc; path = NetworkService.m; sourceTree = "<group>"; };
/* End PBXFileReference section */

/* Begin PBXFrameworksBuildPhase section */
		EC3760941A9D1C71001324DC /* Frameworks */ = {
			isa = PBXFrameworksBuildPhase;
			buildActionMask = 2147483647;
			files = (
			);
			runOnlyForDeploymentPostprocessing = 0;
		};
		EC3760B01A9D1C71001324DC /* Frameworks */ = {
			isa = PBXFrameworksBuildPhase;
			buildActionMask = 2147483647;
			files = (
			);
			runOnlyForDeploymentPostprocessing = 0;
		};
/* End PBXFrameworksBuildPhase section */

/* Begin PBXGroup section */
		EC37608E1A9D1C71001324DC = {
			isa = PBXGroup;
			children = (
				328243701A9D207B002B40C9 /* Main.storyboard */,
				EC3760991A9D1C71001324DC /* Z00ty */,
				EC3760B61A9D1C71001324DC /* Z00tyTests */,
				EC3760981A9D1C71001324DC /* Products */,
			);
			sourceTree = "<group>";
		};
		EC3760981A9D1C71001324DC /* Products */ = {
			isa = PBXGroup;
			children = (
				EC3760971A9D1C71001324DC /* Z00ty.app */,
				EC3760B31A9D1C71001324DC /* Z00tyTests.xctest */,
			);
			name = Products;
			sourceTree = "<group>";
		};
		EC3760991A9D1C71001324DC /* Z00ty */ = {
			isa = PBXGroup;
			children = (
				EC37609E1A9D1C71001324DC /* AppDelegate.h */,
				EC37609F1A9D1C71001324DC /* AppDelegate.m */,
				328243721A9D21F4002B40C9 /* ImageViewController.h */,
				328243731A9D21F4002B40C9 /* ImageViewController.m */,
				3282437B1A9D5461002B40C9 /* MainViewServiceController.h */,
				3282437C1A9D5461002B40C9 /* MainViewServiceController.m */,
				EC3760C71A9D229D001324DC /* CameraViewController.h */,
				EC3760C81A9D229D001324DC /* CameraViewController.m */,
				EC3760CD1A9D2E34001324DC /* NetworkService.h */,
				EC3760CE1A9D2E34001324DC /* NetworkService.m */,
				EC3760CA1A9D22A8001324DC /* ImageService.h */,
				EC3760CB1A9D22A8001324DC /* ImageService.m */,
				EC3760A41A9D1C71001324DC /* ViewController.h */,
				EC3760A51A9D1C71001324DC /* ViewController.m */,
				C0D390D51A9D2468000075B6 /* TableViewController.swift */,
				C0D390DF1A9D48C3000075B6 /* Photos.swift */,
				C033BF421A9E78D20001F0DF /* VoteActions.swift */,
				C0D390D91A9D24A2000075B6 /* StatsTableViewCell.swift */,
				EC3760AA1A9D1C71001324DC /* Images.xcassets */,
				328243751A9D2239002B40C9 /* awesomeTest.png */,
				EC3760AC1A9D1C71001324DC /* LaunchScreen.xib */,
				EC3760A11A9D1C71001324DC /* Z00ty.xcdatamodeld */,
				C033BF3E1A9E78220001F0DF /* photos.json */,
				C033BF401A9E78280001F0DF /* votes.json */,
				EC37609A1A9D1C71001324DC /* Supporting Files */,
				C0D390D41A9D2468000075B6 /* Z00ty-Bridging-Header.h */,
			);
			path = Z00ty;
			sourceTree = "<group>";
		};
		EC37609A1A9D1C71001324DC /* Supporting Files */ = {
			isa = PBXGroup;
			children = (
				EC37609B1A9D1C71001324DC /* Info.plist */,
				EC37609C1A9D1C71001324DC /* main.m */,
			);
			name = "Supporting Files";
			sourceTree = "<group>";
		};
		EC3760B61A9D1C71001324DC /* Z00tyTests */ = {
			isa = PBXGroup;
			children = (
				EC3760B91A9D1C71001324DC /* Z00tyTests.m */,
				EC3760B71A9D1C71001324DC /* Supporting Files */,
			);
			path = Z00tyTests;
			sourceTree = "<group>";
		};
		EC3760B71A9D1C71001324DC /* Supporting Files */ = {
			isa = PBXGroup;
			children = (
				EC3760B81A9D1C71001324DC /* Info.plist */,
			);
			name = "Supporting Files";
			sourceTree = "<group>";
		};
/* End PBXGroup section */

/* Begin PBXNativeTarget section */
		EC3760961A9D1C71001324DC /* Z00ty */ = {
			isa = PBXNativeTarget;
			buildConfigurationList = EC3760BD1A9D1C71001324DC /* Build configuration list for PBXNativeTarget "Z00ty" */;
			buildPhases = (
				EC3760931A9D1C71001324DC /* Sources */,
				EC3760941A9D1C71001324DC /* Frameworks */,
				EC3760951A9D1C71001324DC /* Resources */,
			);
			buildRules = (
			);
			dependencies = (
			);
			name = Z00ty;
			productName = Z00ty;
			productReference = EC3760971A9D1C71001324DC /* Z00ty.app */;
			productType = "com.apple.product-type.application";
		};
		EC3760B21A9D1C71001324DC /* Z00tyTests */ = {
			isa = PBXNativeTarget;
			buildConfigurationList = EC3760C01A9D1C71001324DC /* Build configuration list for PBXNativeTarget "Z00tyTests" */;
			buildPhases = (
				EC3760AF1A9D1C71001324DC /* Sources */,
				EC3760B01A9D1C71001324DC /* Frameworks */,
				EC3760B11A9D1C71001324DC /* Resources */,
			);
			buildRules = (
			);
			dependencies = (
				EC3760B51A9D1C71001324DC /* PBXTargetDependency */,
			);
			name = Z00tyTests;
			productName = Z00tyTests;
			productReference = EC3760B31A9D1C71001324DC /* Z00tyTests.xctest */;
			productType = "com.apple.product-type.bundle.unit-test";
		};
/* End PBXNativeTarget section */

/* Begin PBXProject section */
		EC37608F1A9D1C71001324DC /* Project object */ = {
			isa = PBXProject;
			attributes = {
				LastUpgradeCheck = 0610;
				ORGANIZATIONNAME = pLandin;
				TargetAttributes = {
					EC3760961A9D1C71001324DC = {
						CreatedOnToolsVersion = 6.1.1;
					};
					EC3760B21A9D1C71001324DC = {
						CreatedOnToolsVersion = 6.1.1;
						TestTargetID = EC3760961A9D1C71001324DC;
					};
				};
			};
			buildConfigurationList = EC3760921A9D1C71001324DC /* Build configuration list for PBXProject "Z00ty" */;
			compatibilityVersion = "Xcode 3.2";
			developmentRegion = English;
			hasScannedForEncodings = 0;
			knownRegions = (
				en,
				Base,
			);
			mainGroup = EC37608E1A9D1C71001324DC;
			productRefGroup = EC3760981A9D1C71001324DC /* Products */;
			projectDirPath = "";
			projectRoot = "";
			targets = (
				EC3760961A9D1C71001324DC /* Z00ty */,
				EC3760B21A9D1C71001324DC /* Z00tyTests */,
			);
		};
/* End PBXProject section */

/* Begin PBXResourcesBuildPhase section */
		EC3760951A9D1C71001324DC /* Resources */ = {
			isa = PBXResourcesBuildPhase;
			buildActionMask = 2147483647;
			files = (
				328243711A9D207B002B40C9 /* Main.storyboard in Resources */,
				C033BF3F1A9E78220001F0DF /* photos.json in Resources */,
				EC3760AE1A9D1C71001324DC /* LaunchScreen.xib in Resources */,
				EC3760AB1A9D1C71001324DC /* Images.xcassets in Resources */,
				328243761A9D2239002B40C9 /* awesomeTest.png in Resources */,
				C033BF411A9E78280001F0DF /* votes.json in Resources */,
			);
			runOnlyForDeploymentPostprocessing = 0;
		};
		EC3760B11A9D1C71001324DC /* Resources */ = {
			isa = PBXResourcesBuildPhase;
			buildActionMask = 2147483647;
			files = (
			);
			runOnlyForDeploymentPostprocessing = 0;
		};
/* End PBXResourcesBuildPhase section */

/* Begin PBXSourcesBuildPhase section */
		EC3760931A9D1C71001324DC /* Sources */ = {
			isa = PBXSourcesBuildPhase;
			buildActionMask = 2147483647;
			files = (
				328243741A9D21F4002B40C9 /* ImageViewController.m in Sources */,
				C0D390DA1A9D24A2000075B6 /* StatsTableViewCell.swift in Sources */,
				EC3760A31A9D1C71001324DC /* Z00ty.xcdatamodeld in Sources */,
				C033BF431A9E78D20001F0DF /* VoteActions.swift in Sources */,
				3282437D1A9D5461002B40C9 /* MainViewServiceController.m in Sources */,
				EC3760CC1A9D22A8001324DC /* ImageService.m in Sources */,
				C0D390E01A9D48C3000075B6 /* Photos.swift in Sources */,
				C0D390D61A9D2468000075B6 /* TableViewController.swift in Sources */,
				EC3760A01A9D1C71001324DC /* AppDelegate.m in Sources */,
				EC3760C91A9D229D001324DC /* CameraViewController.m in Sources */,
				EC3760A61A9D1C71001324DC /* ViewController.m in Sources */,
				EC3760CF1A9D2E34001324DC /* NetworkService.m in Sources */,
				EC37609D1A9D1C71001324DC /* main.m in Sources */,
			);
			runOnlyForDeploymentPostprocessing = 0;
		};
		EC3760AF1A9D1C71001324DC /* Sources */ = {
			isa = PBXSourcesBuildPhase;
			buildActionMask = 2147483647;
			files = (
				EC3760BA1A9D1C71001324DC /* Z00tyTests.m in Sources */,
			);
			runOnlyForDeploymentPostprocessing = 0;
		};
/* End PBXSourcesBuildPhase section */

/* Begin PBXTargetDependency section */
		EC3760B51A9D1C71001324DC /* PBXTargetDependency */ = {
			isa = PBXTargetDependency;
			target = EC3760961A9D1C71001324DC /* Z00ty */;
			targetProxy = EC3760B41A9D1C71001324DC /* PBXContainerItemProxy */;
		};
/* End PBXTargetDependency section */

/* Begin PBXVariantGroup section */
		EC3760AC1A9D1C71001324DC /* LaunchScreen.xib */ = {
			isa = PBXVariantGroup;
			children = (
				EC3760AD1A9D1C71001324DC /* Base */,
			);
			name = LaunchScreen.xib;
			sourceTree = "<group>";
		};
/* End PBXVariantGroup section */

/* Begin XCBuildConfiguration section */
		EC3760BB1A9D1C71001324DC /* Debug */ = {
			isa = XCBuildConfiguration;
			buildSettings = {
				ALWAYS_SEARCH_USER_PATHS = NO;
				CLANG_CXX_LANGUAGE_STANDARD = "gnu++0x";
				CLANG_CXX_LIBRARY = "libc++";
				CLANG_ENABLE_MODULES = YES;
				CLANG_ENABLE_OBJC_ARC = YES;
				CLANG_WARN_BOOL_CONVERSION = YES;
				CLANG_WARN_CONSTANT_CONVERSION = YES;
				CLANG_WARN_DIRECT_OBJC_ISA_USAGE = YES_ERROR;
				CLANG_WARN_EMPTY_BODY = YES;
				CLANG_WARN_ENUM_CONVERSION = YES;
				CLANG_WARN_INT_CONVERSION = YES;
				CLANG_WARN_OBJC_ROOT_CLASS = YES_ERROR;
				CLANG_WARN_UNREACHABLE_CODE = YES;
				CLANG_WARN__DUPLICATE_METHOD_MATCH = YES;
				"CODE_SIGN_IDENTITY[sdk=iphoneos*]" = "iPhone Developer";
				COPY_PHASE_STRIP = NO;
				ENABLE_STRICT_OBJC_MSGSEND = YES;
				GCC_C_LANGUAGE_STANDARD = gnu99;
				GCC_DYNAMIC_NO_PIC = NO;
				GCC_OPTIMIZATION_LEVEL = 0;
				GCC_PREPROCESSOR_DEFINITIONS = (
					"DEBUG=1",
					"$(inherited)",
				);
				GCC_SYMBOLS_PRIVATE_EXTERN = NO;
				GCC_WARN_64_TO_32_BIT_CONVERSION = YES;
				GCC_WARN_ABOUT_RETURN_TYPE = YES_ERROR;
				GCC_WARN_UNDECLARED_SELECTOR = YES;
				GCC_WARN_UNINITIALIZED_AUTOS = YES_AGGRESSIVE;
				GCC_WARN_UNUSED_FUNCTION = YES;
				GCC_WARN_UNUSED_VARIABLE = YES;
				IPHONEOS_DEPLOYMENT_TARGET = 8.1;
				MTL_ENABLE_DEBUG_INFO = YES;
				ONLY_ACTIVE_ARCH = YES;
				SDKROOT = iphoneos;
				TARGETED_DEVICE_FAMILY = "1,2";
			};
			name = Debug;
		};
		EC3760BC1A9D1C71001324DC /* Release */ = {
			isa = XCBuildConfiguration;
			buildSettings = {
				ALWAYS_SEARCH_USER_PATHS = NO;
				CLANG_CXX_LANGUAGE_STANDARD = "gnu++0x";
				CLANG_CXX_LIBRARY = "libc++";
				CLANG_ENABLE_MODULES = YES;
				CLANG_ENABLE_OBJC_ARC = YES;
				CLANG_WARN_BOOL_CONVERSION = YES;
				CLANG_WARN_CONSTANT_CONVERSION = YES;
				CLANG_WARN_DIRECT_OBJC_ISA_USAGE = YES_ERROR;
				CLANG_WARN_EMPTY_BODY = YES;
				CLANG_WARN_ENUM_CONVERSION = YES;
				CLANG_WARN_INT_CONVERSION = YES;
				CLANG_WARN_OBJC_ROOT_CLASS = YES_ERROR;
				CLANG_WARN_UNREACHABLE_CODE = YES;
				CLANG_WARN__DUPLICATE_METHOD_MATCH = YES;
				"CODE_SIGN_IDENTITY[sdk=iphoneos*]" = "iPhone Developer";
				COPY_PHASE_STRIP = YES;
				ENABLE_NS_ASSERTIONS = NO;
				ENABLE_STRICT_OBJC_MSGSEND = YES;
				GCC_C_LANGUAGE_STANDARD = gnu99;
				GCC_WARN_64_TO_32_BIT_CONVERSION = YES;
				GCC_WARN_ABOUT_RETURN_TYPE = YES_ERROR;
				GCC_WARN_UNDECLARED_SELECTOR = YES;
				GCC_WARN_UNINITIALIZED_AUTOS = YES_AGGRESSIVE;
				GCC_WARN_UNUSED_FUNCTION = YES;
				GCC_WARN_UNUSED_VARIABLE = YES;
				IPHONEOS_DEPLOYMENT_TARGET = 8.1;
				MTL_ENABLE_DEBUG_INFO = NO;
				SDKROOT = iphoneos;
				TARGETED_DEVICE_FAMILY = "1,2";
				VALIDATE_PRODUCT = YES;
			};
			name = Release;
		};
		EC3760BE1A9D1C71001324DC /* Debug */ = {
			isa = XCBuildConfiguration;
			buildSettings = {
				ASSETCATALOG_COMPILER_APPICON_NAME = AppIcon;
				CLANG_ENABLE_MODULES = YES;
				INFOPLIST_FILE = Z00ty/Info.plist;
				LD_RUNPATH_SEARCH_PATHS = "$(inherited) @executable_path/Frameworks";
				PRODUCT_NAME = "$(TARGET_NAME)";
				SWIFT_OBJC_BRIDGING_HEADER = "Z00ty/Z00ty-Bridging-Header.h";
				SWIFT_OPTIMIZATION_LEVEL = "-Onone";
			};
			name = Debug;
		};
		EC3760BF1A9D1C71001324DC /* Release */ = {
			isa = XCBuildConfiguration;
			buildSettings = {
				ASSETCATALOG_COMPILER_APPICON_NAME = AppIcon;
				CLANG_ENABLE_MODULES = YES;
				INFOPLIST_FILE = Z00ty/Info.plist;
				LD_RUNPATH_SEARCH_PATHS = "$(inherited) @executable_path/Frameworks";
				PRODUCT_NAME = "$(TARGET_NAME)";
				SWIFT_OBJC_BRIDGING_HEADER = "Z00ty/Z00ty-Bridging-Header.h";
			};
			name = Release;
		};
		EC3760C11A9D1C71001324DC /* Debug */ = {
			isa = XCBuildConfiguration;
			buildSettings = {
				BUNDLE_LOADER = "$(TEST_HOST)";
				FRAMEWORK_SEARCH_PATHS = (
					"$(SDKROOT)/Developer/Library/Frameworks",
					"$(inherited)",
				);
				GCC_PREPROCESSOR_DEFINITIONS = (
					"DEBUG=1",
					"$(inherited)",
				);
				INFOPLIST_FILE = Z00tyTests/Info.plist;
				LD_RUNPATH_SEARCH_PATHS = "$(inherited) @executable_path/Frameworks @loader_path/Frameworks";
				PRODUCT_NAME = "$(TARGET_NAME)";
				TEST_HOST = "$(BUILT_PRODUCTS_DIR)/Z00ty.app/Z00ty";
			};
			name = Debug;
		};
		EC3760C21A9D1C71001324DC /* Release */ = {
			isa = XCBuildConfiguration;
			buildSettings = {
				BUNDLE_LOADER = "$(TEST_HOST)";
				FRAMEWORK_SEARCH_PATHS = (
					"$(SDKROOT)/Developer/Library/Frameworks",
					"$(inherited)",
				);
				INFOPLIST_FILE = Z00tyTests/Info.plist;
				LD_RUNPATH_SEARCH_PATHS = "$(inherited) @executable_path/Frameworks @loader_path/Frameworks";
				PRODUCT_NAME = "$(TARGET_NAME)";
				TEST_HOST = "$(BUILT_PRODUCTS_DIR)/Z00ty.app/Z00ty";
			};
			name = Release;
		};
/* End XCBuildConfiguration section */

/* Begin XCConfigurationList section */
		EC3760921A9D1C71001324DC /* Build configuration list for PBXProject "Z00ty" */ = {
			isa = XCConfigurationList;
			buildConfigurations = (
				EC3760BB1A9D1C71001324DC /* Debug */,
				EC3760BC1A9D1C71001324DC /* Release */,
			);
			defaultConfigurationIsVisible = 0;
			defaultConfigurationName = Release;
		};
		EC3760BD1A9D1C71001324DC /* Build configuration list for PBXNativeTarget "Z00ty" */ = {
			isa = XCConfigurationList;
			buildConfigurations = (
				EC3760BE1A9D1C71001324DC /* Debug */,
				EC3760BF1A9D1C71001324DC /* Release */,
			);
			defaultConfigurationIsVisible = 0;
			defaultConfigurationName = Release;
		};
		EC3760C01A9D1C71001324DC /* Build configuration list for PBXNativeTarget "Z00tyTests" */ = {
			isa = XCConfigurationList;
			buildConfigurations = (
				EC3760C11A9D1C71001324DC /* Debug */,
				EC3760C21A9D1C71001324DC /* Release */,
			);
			defaultConfigurationIsVisible = 0;
			defaultConfigurationName = Release;
		};
/* End XCConfigurationList section */

/* Begin XCVersionGroup section */
		EC3760A11A9D1C71001324DC /* Z00ty.xcdatamodeld */ = {
			isa = XCVersionGroup;
			children = (
				EC3760A21A9D1C71001324DC /* Z00ty.xcdatamodel */,
			);
			currentVersion = EC3760A21A9D1C71001324DC /* Z00ty.xcdatamodel */;
			path = Z00ty.xcdatamodeld;
			sourceTree = "<group>";
			versionGroupType = wrapper.xcdatamodel;
		};
/* End XCVersionGroup section */
	};
	rootObject = EC37608F1A9D1C71001324DC /* Project object */;
}
